
Microsoft Visual Studio Solution File, Format Version 12.00
# Visual Studio Version 16
VisualStudioVersion = 16.0.29319.158
MinimumVisualStudioVersion = 10.0.40219.1
Project("{2150E333-8FDC-42A3-9474-1A3956D46DE8}") = "src", "src", "{A6CCD8E7-16A0-4B18-8A95-B9D55E34FF58}"
EndProject
Project("{2150E333-8FDC-42A3-9474-1A3956D46DE8}") = "test", "test", "{3786074A-51F0-4F48-B1D3-A172A0A55D5C}"
EndProject
Project("{2150E333-8FDC-42A3-9474-1A3956D46DE8}") = "dotnet", "dotnet", "{E4CCBBA9-6010-4A53-90F5-F02EC3222503}"
EndProject
Project("{9A19103F-16F7-4668-BE54-9A1E7A4F7556}") = "BlockDirectedAcyclicGraph", "src\dotnet\BlockDirectedAcyclicGraph\BlockDirectedAcyclicGraph.csproj", "{FCA94255-378A-4DE4-85A9-9D5FF1EC29A4}"
EndProject
Project("{9A19103F-16F7-4668-BE54-9A1E7A4F7556}") = "Graph", "src\dotnet\Graph\Graph.csproj", "{5B111D8C-B6E2-4A1B-8143-B9034F41FA8E}"
EndProject
Project("{2150E333-8FDC-42A3-9474-1A3956D46DE8}") = "typescript", "typescript", "{D7AF4D6B-D2AD-462D-B058-0D9E39400F6A}"
EndProject
Project("{2150E333-8FDC-42A3-9474-1A3956D46DE8}") = "BlockDirectedAcyclicGraph", "BlockDirectedAcyclicGraph", "{B833C6A6-140E-4C65-93E1-99DBCE3B0EB8}"
	ProjectSection(SolutionItems) = preProject
		src\typescript\BlockDirectedAcyclicGraph\Block.ts = src\typescript\BlockDirectedAcyclicGraph\Block.ts
		src\typescript\BlockDirectedAcyclicGraph\BlockErrors.ts = src\typescript\BlockDirectedAcyclicGraph\BlockErrors.ts
		src\typescript\BlockDirectedAcyclicGraph\BlockIndex.ts = src\typescript\BlockDirectedAcyclicGraph\BlockIndex.ts
		src\typescript\BlockDirectedAcyclicGraph\package.json = src\typescript\BlockDirectedAcyclicGraph\package.json
		src\typescript\BlockDirectedAcyclicGraph\tsconfig.json = src\typescript\BlockDirectedAcyclicGraph\tsconfig.json
	EndProjectSection
EndProject
Project("{2150E333-8FDC-42A3-9474-1A3956D46DE8}") = "Common", "Common", "{58F750F3-9367-42C4-A549-F8F49B74F507}"
	ProjectSection(SolutionItems) = preProject
		src\typescript\Common\Convert.ts = src\typescript\Common\Convert.ts
		src\typescript\Common\Queue.ts = src\typescript\Common\Queue.ts
		src\typescript\Common\Traverse.ts = src\typescript\Common\Traverse.ts
	EndProjectSection
EndProject
Project("{2150E333-8FDC-42A3-9474-1A3956D46DE8}") = "dotnet", "dotnet", "{FB70AD2C-13D2-4A24-9CA4-A96CCAB03838}"
EndProject
Project("{9A19103F-16F7-4668-BE54-9A1E7A4F7556}") = "BlockDirectedAcyclicGraph.Tests", "test\dotnet\BlockDirectedAcyclicGraph.Tests\BlockDirectedAcyclicGraph.Tests.csproj", "{A9610D7B-6712-404D-9104-63FD721D71C0}"
EndProject
Project("{2150E333-8FDC-42A3-9474-1A3956D46DE8}") = "typescript", "typescript", "{EF53DC55-E7D8-4869-B598-DB4C505D842E}"
EndProject
Project("{2150E333-8FDC-42A3-9474-1A3956D46DE8}") = "common", "common", "{C3922AD8-1B2C-4D38-B505-D2554CCAA57C}"
EndProject
Project("{9A19103F-16F7-4668-BE54-9A1E7A4F7556}") = "SerializationTesting", "test\common\SerializationTesting\SerializationTesting.csproj", "{A7228062-7CEF-41E9-A1DD-64AD66FE5F13}"
EndProject
Project("{9A19103F-16F7-4668-BE54-9A1E7A4F7556}") = "WebApi", "src\WebApi\WebApi.csproj", "{D9F413B1-2B65-4B35-9988-A9786CFA4A86}"
EndProject
Project("{9A19103F-16F7-4668-BE54-9A1E7A4F7556}") = "WebApi.Testing", "test\dotnet\WebApi.Testing\WebApi.Testing.csproj", "{327753D9-487B-4F8A-8764-621949C19DBD}"
EndProject
Project("{2150E333-8FDC-42A3-9474-1A3956D46DE8}") = "Solution Items", "Solution Items", "{5F964037-09C3-43D5-AEC8-916131C81D2C}"
	ProjectSection(SolutionItems) = preProject
		.gitignore = .gitignore
		README.md = README.md
	EndProjectSection
EndProject
Global
	GlobalSection(SolutionConfigurationPlatforms) = preSolution
		Debug|Any CPU = Debug|Any CPU
		Release|Any CPU = Release|Any CPU
	EndGlobalSection
	GlobalSection(ProjectConfigurationPlatforms) = postSolution
		{FCA94255-378A-4DE4-85A9-9D5FF1EC29A4}.Debug|Any CPU.ActiveCfg = Debug|Any CPU
		{FCA94255-378A-4DE4-85A9-9D5FF1EC29A4}.Debug|Any CPU.Build.0 = Debug|Any CPU
		{FCA94255-378A-4DE4-85A9-9D5FF1EC29A4}.Release|Any CPU.ActiveCfg = Release|Any CPU
		{FCA94255-378A-4DE4-85A9-9D5FF1EC29A4}.Release|Any CPU.Build.0 = Release|Any CPU
		{5B111D8C-B6E2-4A1B-8143-B9034F41FA8E}.Debug|Any CPU.ActiveCfg = Debug|Any CPU
		{5B111D8C-B6E2-4A1B-8143-B9034F41FA8E}.Debug|Any CPU.Build.0 = Debug|Any CPU
		{5B111D8C-B6E2-4A1B-8143-B9034F41FA8E}.Release|Any CPU.ActiveCfg = Release|Any CPU
		{5B111D8C-B6E2-4A1B-8143-B9034F41FA8E}.Release|Any CPU.Build.0 = Release|Any CPU
		{A9610D7B-6712-404D-9104-63FD721D71C0}.Debug|Any CPU.ActiveCfg = Debug|Any CPU
		{A9610D7B-6712-404D-9104-63FD721D71C0}.Debug|Any CPU.Build.0 = Debug|Any CPU
		{A9610D7B-6712-404D-9104-63FD721D71C0}.Release|Any CPU.ActiveCfg = Release|Any CPU
		{A9610D7B-6712-404D-9104-63FD721D71C0}.Release|Any CPU.Build.0 = Release|Any CPU
		{A7228062-7CEF-41E9-A1DD-64AD66FE5F13}.Debug|Any CPU.ActiveCfg = Debug|Any CPU
		{A7228062-7CEF-41E9-A1DD-64AD66FE5F13}.Debug|Any CPU.Build.0 = Debug|Any CPU
		{A7228062-7CEF-41E9-A1DD-64AD66FE5F13}.Release|Any CPU.ActiveCfg = Release|Any CPU
		{A7228062-7CEF-41E9-A1DD-64AD66FE5F13}.Release|Any CPU.Build.0 = Release|Any CPU
		{D9F413B1-2B65-4B35-9988-A9786CFA4A86}.Debug|Any CPU.ActiveCfg = Debug|Any CPU
		{D9F413B1-2B65-4B35-9988-A9786CFA4A86}.Debug|Any CPU.Build.0 = Debug|Any CPU
		{D9F413B1-2B65-4B35-9988-A9786CFA4A86}.Release|Any CPU.ActiveCfg = Release|Any CPU
		{D9F413B1-2B65-4B35-9988-A9786CFA4A86}.Release|Any CPU.Build.0 = Release|Any CPU
		{327753D9-487B-4F8A-8764-621949C19DBD}.Debug|Any CPU.ActiveCfg = Debug|Any CPU
		{327753D9-487B-4F8A-8764-621949C19DBD}.Debug|Any CPU.Build.0 = Debug|Any CPU
		{327753D9-487B-4F8A-8764-621949C19DBD}.Release|Any CPU.ActiveCfg = Release|Any CPU
		{327753D9-487B-4F8A-8764-621949C19DBD}.Release|Any CPU.Build.0 = Release|Any CPU
	EndGlobalSection
	GlobalSection(SolutionProperties) = preSolution
		HideSolutionNode = FALSE
	EndGlobalSection
	GlobalSection(NestedProjects) = preSolution
		{E4CCBBA9-6010-4A53-90F5-F02EC3222503} = {A6CCD8E7-16A0-4B18-8A95-B9D55E34FF58}
		{FCA94255-378A-4DE4-85A9-9D5FF1EC29A4} = {E4CCBBA9-6010-4A53-90F5-F02EC3222503}
		{5B111D8C-B6E2-4A1B-8143-B9034F41FA8E} = {E4CCBBA9-6010-4A53-90F5-F02EC3222503}
		{D7AF4D6B-D2AD-462D-B058-0D9E39400F6A} = {A6CCD8E7-16A0-4B18-8A95-B9D55E34FF58}
		{B833C6A6-140E-4C65-93E1-99DBCE3B0EB8} = {D7AF4D6B-D2AD-462D-B058-0D9E39400F6A}
		{58F750F3-9367-42C4-A549-F8F49B74F507} = {D7AF4D6B-D2AD-462D-B058-0D9E39400F6A}
		{FB70AD2C-13D2-4A24-9CA4-A96CCAB03838} = {3786074A-51F0-4F48-B1D3-A172A0A55D5C}
		{A9610D7B-6712-404D-9104-63FD721D71C0} = {FB70AD2C-13D2-4A24-9CA4-A96CCAB03838}
		{EF53DC55-E7D8-4869-B598-DB4C505D842E} = {3786074A-51F0-4F48-B1D3-A172A0A55D5C}
		{C3922AD8-1B2C-4D38-B505-D2554CCAA57C} = {3786074A-51F0-4F48-B1D3-A172A0A55D5C}
		{A7228062-7CEF-41E9-A1DD-64AD66FE5F13} = {C3922AD8-1B2C-4D38-B505-D2554CCAA57C}
		{D9F413B1-2B65-4B35-9988-A9786CFA4A86} = {E4CCBBA9-6010-4A53-90F5-F02EC3222503}
		{327753D9-487B-4F8A-8764-621949C19DBD} = {FB70AD2C-13D2-4A24-9CA4-A96CCAB03838}
	EndGlobalSection
	GlobalSection(ExtensibilityGlobals) = postSolution
		SolutionGuid = {45ADEC05-1D33-4DA3-BC21-171DB55835B0}
	EndGlobalSection
EndGlobal
